{
    "_readme": [
        "This file locks the dependencies of your project to a known state",
        "Read more about it at https://getcomposer.org/doc/01-basic-usage.md#composer-lock-the-lock-file",
        "This file is @generated automatically"
    ],
    "hash": "4810e787de27c81243041065035e8ff8",
    "content-hash": "f2543f6f2803b136b8cdb782e8461903",
    "packages": [
        {
            "name": "composer/installers",
            "version": "v1.0.25",
            "source": {
                "type": "git",
                "url": "https://github.com/composer/installers.git",
                "reference": "36e5b5843203d7f1cf6ffb0305a97e014387bd8e"
            },
            "dist": {
                "type": "zip",
                "url": "https://api.github.com/repos/composer/installers/zipball/36e5b5843203d7f1cf6ffb0305a97e014387bd8e",
                "reference": "36e5b5843203d7f1cf6ffb0305a97e014387bd8e",
                "shasum": ""
            },
            "require": {
                "composer-plugin-api": "^1.0"
            },
            "replace": {
                "roundcube/plugin-installer": "*",
                "shama/baton": "*"
            },
            "require-dev": {
                "composer/composer": "1.0.*@dev",
                "phpunit/phpunit": "4.1.*"
            },
            "type": "composer-plugin",
            "extra": {
                "class": "Composer\\Installers\\Plugin",
                "branch-alias": {
                    "dev-master": "1.0-dev"
                }
            },
            "autoload": {
                "psr-4": {
                    "Composer\\Installers\\": "src/Composer/Installers"
                }
            },
            "notification-url": "https://packagist.org/downloads/",
            "license": [
                "MIT"
            ],
            "authors": [
                {
                    "name": "Kyle Robinson Young",
                    "email": "kyle@dontkry.com",
                    "homepage": "https://github.com/shama"
                }
            ],
            "description": "A multi-framework Composer library installer",
            "homepage": "https://composer.github.io/installers/",
            "keywords": [
                "Craft",
                "Dolibarr",
                "Hurad",
                "ImageCMS",
                "MODX Evo",
                "Mautic",
                "OXID",
                "SMF",
                "Thelia",
                "WolfCMS",
                "agl",
                "aimeos",
                "annotatecms",
                "bitrix",
                "cakephp",
                "chef",
                "codeigniter",
                "concrete5",
                "croogo",
                "dokuwiki",
                "drupal",
                "elgg",
                "fuelphp",
                "grav",
                "installer",
                "joomla",
                "kohana",
                "laravel",
                "lithium",
                "magento",
                "mako",
                "mediawiki",
                "modulework",
                "moodle",
                "phpbb",
                "piwik",
                "ppi",
                "puppet",
                "roundcube",
                "shopware",
                "silverstripe",
                "symfony",
                "typo3",
                "wordpress",
                "zend",
                "zikula"
            ],
            "time": "2016-04-13 19:46:30"
        },
        {
            "name": "flow/jsonpath",
            "version": "dev-master",
            "source": {
                "type": "git",
                "url": "https://github.com/FlowCommunications/JSONPath.git",
                "reference": "e064398010089f9efb46044f85ee63c458ae89e1"
            },
            "require-dev": {
                "peekmo/jsonpath": "dev-master",
                "phpunit/phpunit": "dev-master"
            },
            "type": "library",
            "autoload": {
                "psr-0": {
                    "Flow\\JSONPath": "src/",
                    "Flow\\JSONPath\\Test": "tests/"
                }
            },
            "license": [
                "MIT"
            ],
            "authors": [
                {
                    "name": "Stephen Frank",
                    "email": "stephen@flowsa.com"
                }
            ],
            "description": "JSONPath implementation for parsing, searching and flattening arrays",
            "time": "2015-10-12 07:39:47"
        },
        {
            "name": "makeandship/medicines-client-php",
            "version": "dev-master",
            "source": {
                "type": "git",
                "url": "ssh://git@bitbucket.org/makeandship/medicines-client-php.git",
                "reference": "14266e6338d669666d74824f9f7d99f3cdfeb362"
            },
            "type": "library",
            "authors": [
                {
                    "name": "Mark Thomsit (Make and Ship Limited)",
                    "email": "mark@makeandship.com"
                }
            ],
            "description": "Client for the medicines API (http://api.medicines.makeandship.com)",
            "time": "2016-06-10 09:24:33"
        }
    ],
    "packages-dev": [],
    "aliases": [],
    "minimum-stability": "stable",
    "stability-flags": {
        "flow/jsonpath": 20,
        "makeandship/medicines-client-php": 20
    },
    "prefer-stable": false,
    "prefer-lowest": false,
    "platform": [],
    "platform-dev": []
}
